{
  "name": "CS171-Final-Project",
  "lockfileVersion": 2,
  "requires": true,
  "packages": {
    "": {
      "dependencies": {
        "fullpage.js": "^4.0.20"
      }
    },
    "node_modules/fullpage.js": {
      "version": "4.0.20",
      "resolved": "https://registry.npmjs.org/fullpage.js/-/fullpage.js-4.0.20.tgz",
      "integrity": "sha512-y72V3oV/pFccPYaxnUosEltQP9tXH340x479oQSS9Yab0L0YpIPNE0PFA68l6XEq5Lhw7IRqyCgVwL+WdjtQdA=="
    }
  },
  "dependencies": {
    "fullpage.js": {
      "version": "4.0.20",
      "resolved": "https://registry.npmjs.org/fullpage.js/-/fullpage.js-4.0.20.tgz",
      "integrity": "sha512-y72V3oV/pFccPYaxnUosEltQP9tXH340x479oQSS9Yab0L0YpIPNE0PFA68l6XEq5Lhw7IRqyCgVwL+WdjtQdA=="
    }
  }
}
